{
  "name": "data-science",
  "version": "1.0.0",
  "lockfileVersion": 1,
  "requires": true,
  "dependencies": {
    "isnumber": {
      "version": "1.0.0",
      "resolved": "https://registry.npmjs.org/isnumber/-/isnumber-1.0.0.tgz",
      "integrity": "sha1-Dj+XWbWB2Z3YUIbw7Cp0kJz63QE="
    },
    "stats-lite": {
      "version": "2.1.1",
      "resolved": "https://registry.npmjs.org/stats-lite/-/stats-lite-2.1.1.tgz",
      "integrity": "sha512-5QkxGCWGMbeQ+PXqI2N7ES6kW4IimvbMQBCKvZbekaEpf3InckVHiIXdCJbZsKUjLE7a3jha2cTEJqtOGGcVMw==",
      "requires": {
        "isnumber": "~1.0.0"
      }
    }
  }
}
